urls_downloaded_cb({"token":"vcxproj.filters","urls":[{"url":"Release-notes-for-1-2-0.html#new-for-the-generation-of-visual-studio-vcxproj-projects","node_type":"p","page":"Release 1.2.0","sections":["New features","New for the generation of Visual Studio vcxproj projects"],"context":{"gi-language":["default"]}}]});